
Microsoft Visual Studio Solution File, Format Version 12.00
# Visual Studio Version 17
VisualStudioVersion = 17.2.32516.85
MinimumVisualStudioVersion = 10.0.40219.1
Project("{FAE04EC0-301F-11D3-BF4B-00C04F79EFBC}") = "BoxView.ColorXAML.Android", "BoxView.ColorXAML\BoxView.ColorXAML.Android\BoxView.ColorXAML.Android.csproj", "{E38E0342-C19C-4F77-A648-CCBA303DC475}"
EndProject
Project("{FAE04EC0-301F-11D3-BF4B-00C04F79EFBC}") = "BoxView.ColorXAML", "BoxView.ColorXAML\BoxView.ColorXAML\BoxView.ColorXAML.csproj", "{934D6E00-9E45-4F3B-A31B-660059A70B48}"
EndProject
Global
	GlobalSection(SolutionConfigurationPlatforms) = preSolution
		Debug|Any CPU = Debug|Any CPU
		Release|Any CPU = Release|Any CPU
	EndGlobalSection
	GlobalSection(ProjectConfigurationPlatforms) = postSolution
		{E38E0342-C19C-4F77-A648-CCBA303DC475}.Debug|Any CPU.ActiveCfg = Debug|Any CPU
		{E38E0342-C19C-4F77-A648-CCBA303DC475}.Debug|Any CPU.Build.0 = Debug|Any CPU
		{E38E0342-C19C-4F77-A648-CCBA303DC475}.Debug|Any CPU.Deploy.0 = Debug|Any CPU
		{E38E0342-C19C-4F77-A648-CCBA303DC475}.Release|Any CPU.ActiveCfg = Release|Any CPU
		{E38E0342-C19C-4F77-A648-CCBA303DC475}.Release|Any CPU.Build.0 = Release|Any CPU
		{E38E0342-C19C-4F77-A648-CCBA303DC475}.Release|Any CPU.Deploy.0 = Release|Any CPU
		{934D6E00-9E45-4F3B-A31B-660059A70B48}.Debug|Any CPU.ActiveCfg = Debug|Any CPU
		{934D6E00-9E45-4F3B-A31B-660059A70B48}.Debug|Any CPU.Build.0 = Debug|Any CPU
		{934D6E00-9E45-4F3B-A31B-660059A70B48}.Debug|Any CPU.Deploy.0 = Debug|Any CPU
		{934D6E00-9E45-4F3B-A31B-660059A70B48}.Release|Any CPU.ActiveCfg = Release|Any CPU
		{934D6E00-9E45-4F3B-A31B-660059A70B48}.Release|Any CPU.Build.0 = Release|Any CPU
		{934D6E00-9E45-4F3B-A31B-660059A70B48}.Release|Any CPU.Deploy.0 = Release|Any CPU
	EndGlobalSection
	GlobalSection(SolutionProperties) = preSolution
		HideSolutionNode = FALSE
	EndGlobalSection
	GlobalSection(ExtensibilityGlobals) = postSolution
		SolutionGuid = {54AF0EA9-D094-4408-9D2C-148C5C219F60}
	EndGlobalSection
EndGlobal
